
Microsoft Visual Studio Solution File, Format Version 12.00
# Visual Studio Version 16
VisualStudioVersion = 16.0.30621.155
MinimumVisualStudioVersion = 10.0.40219.1
Project("{FAE04EC0-301F-11D3-BF4B-00C04F79EFBC}") = "Sales Chart", "Sales Chart.csproj", "{4EDABD78-A403-470E-BB20-2908E9AB3519}"
EndProject
Global
	GlobalSection(SolutionConfigurationPlatforms) = preSolution
		Debug|Any CPU = Debug|Any CPU
		Release|Any CPU = Release|Any CPU
	EndGlobalSection
	GlobalSection(ProjectConfigurationPlatforms) = postSolution
		{4EDABD78-A403-470E-BB20-2908E9AB3519}.Debug|Any CPU.ActiveCfg = Debug|Any CPU
		{4EDABD78-A403-470E-BB20-2908E9AB3519}.Debug|Any CPU.Build.0 = Debug|Any CPU
		{4EDABD78-A403-470E-BB20-2908E9AB3519}.Release|Any CPU.ActiveCfg = Release|Any CPU
		{4EDABD78-A403-470E-BB20-2908E9AB3519}.Release|Any CPU.Build.0 = Release|Any CPU
	EndGlobalSection
	GlobalSection(SolutionProperties) = preSolution
		HideSolutionNode = FALSE
	EndGlobalSection
	GlobalSection(ExtensibilityGlobals) = postSolution
		SolutionGuid = {4C87AAEB-FF80-4C20-AA77-677B927F069D}
	EndGlobalSection
EndGlobal
